
Microsoft Visual Studio Solution File, Format Version 12.00
# Visual Studio Version 17
Project("{8BC9CEB8-8B4A-11D0-8D11-00A0C91BC942}") = "ALL_BUILD", "ALL_BUILD.vcxproj", "{D6ED8ECA-8B4D-3555-938B-4B54CAFC0140}"
	ProjectSection(ProjectDependencies) = postProject
		{26EB7886-36C3-362A-BC00-F4E05A6C1EE4} = {26EB7886-36C3-362A-BC00-F4E05A6C1EE4}
		{85C803F0-ACB6-37F0-9F9C-8F0D3A89F4E0} = {85C803F0-ACB6-37F0-9F9C-8F0D3A89F4E0}
		{C5B27E31-B826-3611-AF5E-BEEEB6C4BBF2} = {C5B27E31-B826-3611-AF5E-BEEEB6C4BBF2}
		{F95B4F28-8E3D-3E44-B818-C21DF5CD6FC3} = {F95B4F28-8E3D-3E44-B818-C21DF5CD6FC3}
	EndProjectSection
EndProject
Project("{8BC9CEB8-8B4A-11D0-8D11-00A0C91BC942}") = "INSTALL", "INSTALL.vcxproj", "{5AEDB988-F3F3-3A26-B759-2454F7038A0B}"
	ProjectSection(ProjectDependencies) = postProject
		{D6ED8ECA-8B4D-3555-938B-4B54CAFC0140} = {D6ED8ECA-8B4D-3555-938B-4B54CAFC0140}
		{26EB7886-36C3-362A-BC00-F4E05A6C1EE4} = {26EB7886-36C3-362A-BC00-F4E05A6C1EE4}
	EndProjectSection
EndProject
Project("{8BC9CEB8-8B4A-11D0-8D11-00A0C91BC942}") = "PACKAGE", "PACKAGE.vcxproj", "{B02F9528-9545-3C77-9F6D-C94D3C9D3339}"
	ProjectSection(ProjectDependencies) = postProject
		{D6ED8ECA-8B4D-3555-938B-4B54CAFC0140} = {D6ED8ECA-8B4D-3555-938B-4B54CAFC0140}
		{26EB7886-36C3-362A-BC00-F4E05A6C1EE4} = {26EB7886-36C3-362A-BC00-F4E05A6C1EE4}
	EndProjectSection
EndProject
Project("{8BC9CEB8-8B4A-11D0-8D11-00A0C91BC942}") = "ZERO_CHECK", "ZERO_CHECK.vcxproj", "{26EB7886-36C3-362A-BC00-F4E05A6C1EE4}"
	ProjectSection(ProjectDependencies) = postProject
	EndProjectSection
EndProject
Project("{8BC9CEB8-8B4A-11D0-8D11-00A0C91BC942}") = "replxx", "replxx.vcxproj", "{85C803F0-ACB6-37F0-9F9C-8F0D3A89F4E0}"
	ProjectSection(ProjectDependencies) = postProject
		{26EB7886-36C3-362A-BC00-F4E05A6C1EE4} = {26EB7886-36C3-362A-BC00-F4E05A6C1EE4}
	EndProjectSection
EndProject
Project("{8BC9CEB8-8B4A-11D0-8D11-00A0C91BC942}") = "replxx-example-c-api", "replxx-example-c-api.vcxproj", "{C5B27E31-B826-3611-AF5E-BEEEB6C4BBF2}"
	ProjectSection(ProjectDependencies) = postProject
		{26EB7886-36C3-362A-BC00-F4E05A6C1EE4} = {26EB7886-36C3-362A-BC00-F4E05A6C1EE4}
		{85C803F0-ACB6-37F0-9F9C-8F0D3A89F4E0} = {85C803F0-ACB6-37F0-9F9C-8F0D3A89F4E0}
	EndProjectSection
EndProject
Project("{8BC9CEB8-8B4A-11D0-8D11-00A0C91BC942}") = "replxx-example-cxx-api", "replxx-example-cxx-api.vcxproj", "{F95B4F28-8E3D-3E44-B818-C21DF5CD6FC3}"
	ProjectSection(ProjectDependencies) = postProject
		{26EB7886-36C3-362A-BC00-F4E05A6C1EE4} = {26EB7886-36C3-362A-BC00-F4E05A6C1EE4}
		{85C803F0-ACB6-37F0-9F9C-8F0D3A89F4E0} = {85C803F0-ACB6-37F0-9F9C-8F0D3A89F4E0}
	EndProjectSection
EndProject
Global
	GlobalSection(SolutionConfigurationPlatforms) = preSolution
		Debug|x64 = Debug|x64
		Release|x64 = Release|x64
		MinSizeRel|x64 = MinSizeRel|x64
		RelWithDebInfo|x64 = RelWithDebInfo|x64
	EndGlobalSection
	GlobalSection(ProjectConfigurationPlatforms) = postSolution
		{D6ED8ECA-8B4D-3555-938B-4B54CAFC0140}.Debug|x64.ActiveCfg = Debug|x64
		{D6ED8ECA-8B4D-3555-938B-4B54CAFC0140}.Debug|x64.Build.0 = Debug|x64
		{D6ED8ECA-8B4D-3555-938B-4B54CAFC0140}.Release|x64.ActiveCfg = Release|x64
		{D6ED8ECA-8B4D-3555-938B-4B54CAFC0140}.Release|x64.Build.0 = Release|x64
		{D6ED8ECA-8B4D-3555-938B-4B54CAFC0140}.MinSizeRel|x64.ActiveCfg = MinSizeRel|x64
		{D6ED8ECA-8B4D-3555-938B-4B54CAFC0140}.MinSizeRel|x64.Build.0 = MinSizeRel|x64
		{D6ED8ECA-8B4D-3555-938B-4B54CAFC0140}.RelWithDebInfo|x64.ActiveCfg = RelWithDebInfo|x64
		{D6ED8ECA-8B4D-3555-938B-4B54CAFC0140}.RelWithDebInfo|x64.Build.0 = RelWithDebInfo|x64
		{5AEDB988-F3F3-3A26-B759-2454F7038A0B}.Debug|x64.ActiveCfg = Debug|x64
		{5AEDB988-F3F3-3A26-B759-2454F7038A0B}.Release|x64.ActiveCfg = Release|x64
		{5AEDB988-F3F3-3A26-B759-2454F7038A0B}.MinSizeRel|x64.ActiveCfg = MinSizeRel|x64
		{5AEDB988-F3F3-3A26-B759-2454F7038A0B}.RelWithDebInfo|x64.ActiveCfg = RelWithDebInfo|x64
		{B02F9528-9545-3C77-9F6D-C94D3C9D3339}.Debug|x64.ActiveCfg = Debug|x64
		{B02F9528-9545-3C77-9F6D-C94D3C9D3339}.Release|x64.ActiveCfg = Release|x64
		{B02F9528-9545-3C77-9F6D-C94D3C9D3339}.MinSizeRel|x64.ActiveCfg = MinSizeRel|x64
		{B02F9528-9545-3C77-9F6D-C94D3C9D3339}.RelWithDebInfo|x64.ActiveCfg = RelWithDebInfo|x64
		{26EB7886-36C3-362A-BC00-F4E05A6C1EE4}.Debug|x64.ActiveCfg = Debug|x64
		{26EB7886-36C3-362A-BC00-F4E05A6C1EE4}.Debug|x64.Build.0 = Debug|x64
		{26EB7886-36C3-362A-BC00-F4E05A6C1EE4}.Release|x64.ActiveCfg = Release|x64
		{26EB7886-36C3-362A-BC00-F4E05A6C1EE4}.Release|x64.Build.0 = Release|x64
		{26EB7886-36C3-362A-BC00-F4E05A6C1EE4}.MinSizeRel|x64.ActiveCfg = MinSizeRel|x64
		{26EB7886-36C3-362A-BC00-F4E05A6C1EE4}.MinSizeRel|x64.Build.0 = MinSizeRel|x64
		{26EB7886-36C3-362A-BC00-F4E05A6C1EE4}.RelWithDebInfo|x64.ActiveCfg = RelWithDebInfo|x64
		{26EB7886-36C3-362A-BC00-F4E05A6C1EE4}.RelWithDebInfo|x64.Build.0 = RelWithDebInfo|x64
		{85C803F0-ACB6-37F0-9F9C-8F0D3A89F4E0}.Debug|x64.ActiveCfg = Debug|x64
		{85C803F0-ACB6-37F0-9F9C-8F0D3A89F4E0}.Debug|x64.Build.0 = Debug|x64
		{85C803F0-ACB6-37F0-9F9C-8F0D3A89F4E0}.Release|x64.ActiveCfg = Release|x64
		{85C803F0-ACB6-37F0-9F9C-8F0D3A89F4E0}.Release|x64.Build.0 = Release|x64
		{85C803F0-ACB6-37F0-9F9C-8F0D3A89F4E0}.MinSizeRel|x64.ActiveCfg = MinSizeRel|x64
		{85C803F0-ACB6-37F0-9F9C-8F0D3A89F4E0}.MinSizeRel|x64.Build.0 = MinSizeRel|x64
		{85C803F0-ACB6-37F0-9F9C-8F0D3A89F4E0}.RelWithDebInfo|x64.ActiveCfg = RelWithDebInfo|x64
		{85C803F0-ACB6-37F0-9F9C-8F0D3A89F4E0}.RelWithDebInfo|x64.Build.0 = RelWithDebInfo|x64
		{C5B27E31-B826-3611-AF5E-BEEEB6C4BBF2}.Debug|x64.ActiveCfg = Debug|x64
		{C5B27E31-B826-3611-AF5E-BEEEB6C4BBF2}.Debug|x64.Build.0 = Debug|x64
		{C5B27E31-B826-3611-AF5E-BEEEB6C4BBF2}.Release|x64.ActiveCfg = Release|x64
		{C5B27E31-B826-3611-AF5E-BEEEB6C4BBF2}.Release|x64.Build.0 = Release|x64
		{C5B27E31-B826-3611-AF5E-BEEEB6C4BBF2}.MinSizeRel|x64.ActiveCfg = MinSizeRel|x64
		{C5B27E31-B826-3611-AF5E-BEEEB6C4BBF2}.MinSizeRel|x64.Build.0 = MinSizeRel|x64
		{C5B27E31-B826-3611-AF5E-BEEEB6C4BBF2}.RelWithDebInfo|x64.ActiveCfg = RelWithDebInfo|x64
		{C5B27E31-B826-3611-AF5E-BEEEB6C4BBF2}.RelWithDebInfo|x64.Build.0 = RelWithDebInfo|x64
		{F95B4F28-8E3D-3E44-B818-C21DF5CD6FC3}.Debug|x64.ActiveCfg = Debug|x64
		{F95B4F28-8E3D-3E44-B818-C21DF5CD6FC3}.Debug|x64.Build.0 = Debug|x64
		{F95B4F28-8E3D-3E44-B818-C21DF5CD6FC3}.Release|x64.ActiveCfg = Release|x64
		{F95B4F28-8E3D-3E44-B818-C21DF5CD6FC3}.Release|x64.Build.0 = Release|x64
		{F95B4F28-8E3D-3E44-B818-C21DF5CD6FC3}.MinSizeRel|x64.ActiveCfg = MinSizeRel|x64
		{F95B4F28-8E3D-3E44-B818-C21DF5CD6FC3}.MinSizeRel|x64.Build.0 = MinSizeRel|x64
		{F95B4F28-8E3D-3E44-B818-C21DF5CD6FC3}.RelWithDebInfo|x64.ActiveCfg = RelWithDebInfo|x64
		{F95B4F28-8E3D-3E44-B818-C21DF5CD6FC3}.RelWithDebInfo|x64.Build.0 = RelWithDebInfo|x64
	EndGlobalSection
	GlobalSection(ExtensibilityGlobals) = postSolution
		SolutionGuid = {EF10E6E1-C736-3E1A-A748-BAABAACB6E58}
	EndGlobalSection
	GlobalSection(ExtensibilityAddIns) = postSolution
	EndGlobalSection
EndGlobal
