<?xml version="1.0" encoding="utf-8"?>
<Project ToolsVersion="17.0" xmlns="http://schemas.microsoft.com/developer/msbuild/2003">
  <ItemGroup>
    <ClCompile Include="C:\fn\ProjectAzuV2\NyaaiFortLauncher\replxx-master\examples\cxx-api.cxx">
      <Filter>Source Files</Filter>
    </ClCompile>
    <ClCompile Include="C:\fn\ProjectAzuV2\NyaaiFortLauncher\replxx-master\examples\util.c">
      <Filter>Source Files</Filter>
    </ClCompile>
  </ItemGroup>
  <ItemGroup>
    <CustomBuild Include="C:\fn\ProjectAzuV2\NyaaiFortLauncher\replxx-master\CMakeLists.txt" />
  </ItemGroup>
  <ItemGroup>
    <Filter Include="Source Files">
      <UniqueIdentifier>{B91DE03A-6A8C-32F2-9E99-7AE0E7CA4BF0}</UniqueIdentifier>
    </Filter>
  </ItemGroup>
</Project>
