<?xml version="1.0" encoding="utf-8"?>
<Project ToolsVersion="17.0" xmlns="http://schemas.microsoft.com/developer/msbuild/2003">
  <ItemGroup>
    <CustomBuild Include="C:\fn\ProjectAzuV2\NyaaiFortLauncher\replxx-master\build-vs2022\CMakeFiles\f0a22f8ad2c29e30b936d325d213148a\generate.stamp.rule">
      <Filter>CMake Rules</Filter>
    </CustomBuild>
  </ItemGroup>
  <ItemGroup>
    <Filter Include="CMake Rules">
      <UniqueIdentifier>{780352A9-6DCF-3BD7-B1A4-6469CDDF31BE}</UniqueIdentifier>
    </Filter>
  </ItemGroup>
</Project>
