<?xml version="1.0" encoding="utf-8"?>
<Project ToolsVersion="4.0" xmlns="http://schemas.microsoft.com/developer/msbuild/2003">
  <ItemGroup>
    <Filter Include="Source Files">
      <UniqueIdentifier>{4FC737F1-C7A5-4376-A066-2A32D752A2FF}</UniqueIdentifier>
      <Extensions>cpp;c;cc;cxx;c++;cppm;ixx;def;odl;idl;hpj;bat;asm;asmx</Extensions>
    </Filter>
    <Filter Include="Header Files">
      <UniqueIdentifier>{93995380-89BD-4b04-88EB-625FBE52EBFB}</UniqueIdentifier>
      <Extensions>h;hh;hpp;hxx;h++;hm;inl;inc;ipp;xsd</Extensions>
    </Filter>
    <Filter Include="Resource Files">
      <UniqueIdentifier>{67DA6AB6-F800-4c08-8B7A-83BB121AAD01}</UniqueIdentifier>
      <Extensions>rc;ico;cur;bmp;dlg;rc2;rct;bin;rgs;gif;jpg;jpeg;jpe;resx;tiff;tif;png;wav;mfcribbon-ms</Extensions>
    </Filter>
  </ItemGroup>
  <ItemGroup>
    <ClInclude Include="resource.h">
      <Filter>Header Files</Filter>
    </ClInclude>
    <ClInclude Include="Launcher\Actions\Action.h">
      <Filter>Header Files</Filter>
    </ClInclude>
    <ClInclude Include="Launcher\Actions\CopyFileAction.h">
      <Filter>Header Files</Filter>
    </ClInclude>
    <ClInclude Include="Launcher\Actions\CreateProcessAction.h">
      <Filter>Header Files</Filter>
    </ClInclude>
    <ClInclude Include="Launcher\Actions\InjectDllIntoFortniteAction.h">
      <Filter>Header Files</Filter>
    </ClInclude>
    <ClInclude Include="Launcher\Actions\PrintLogAction.h">
      <Filter>Header Files</Filter>
    </ClInclude>
    <ClInclude Include="Launcher\Actions\RequestRelaunchAction.h">
      <Filter>Header Files</Filter>
    </ClInclude>
    <ClInclude Include="Launcher\Actions\RunCommandAction.h">
      <Filter>Header Files</Filter>
    </ClInclude>
    <ClInclude Include="Launcher\Activity.h">
      <Filter>Header Files</Filter>
    </ClInclude>
    <ClInclude Include="Launcher\CommandManager.h">
      <Filter>Header Files</Filter>
    </ClInclude>
    <ClInclude Include="Launcher\DetectFortniteCrashActivity.h">
      <Filter>Header Files</Filter>
    </ClInclude>
    <ClInclude Include="Launcher\Engine.h">
      <Filter>Header Files</Filter>
    </ClInclude>
    <ClInclude Include="Launcher\EngineObject.h">
      <Filter>Header Files</Filter>
    </ClInclude>
    <ClInclude Include="Launcher\FortLauncher.h">
      <Filter>Header Files</Filter>
    </ClInclude>
    <ClInclude Include="Launcher\ReadFortniteLogActivity.h">
      <Filter>Header Files</Filter>
    </ClInclude>
    <ClInclude Include="Object\IntegerTypes.h">
      <Filter>Header Files</Filter>
    </ClInclude>
    <ClInclude Include="Object\Object.h">
      <Filter>Header Files</Filter>
    </ClInclude>
    <ClInclude Include="Object\TypeHelpers.h">
      <Filter>Header Files</Filter>
    </ClInclude>
    <ClInclude Include="Utils\TextFileLoader.h">
      <Filter>Header Files</Filter>
    </ClInclude>
    <ClInclude Include="Utils\Utf8.h">
      <Filter>Header Files</Filter>
    </ClInclude>
    <ClInclude Include="Utils\WindowsInclude.h">
      <Filter>Header Files</Filter>
    </ClInclude>
    <ClInclude Include="Launcher\Actions\RequestStopAction.h">
      <Filter>Header Files</Filter>
    </ClInclude>
    <ClInclude Include="Utils\UniqueHandle.h">
      <Filter>Header Files</Filter>
    </ClInclude>
    <ClInclude Include="Launcher\Azu\AzuServerFortLauncher.h">
      <Filter>Header Files</Filter>
    </ClInclude>
    <ClInclude Include="Launcher\BuildStoreActivity.h">
      <Filter>Header Files</Filter>
    </ClInclude>
    <ClInclude Include="Launcher\BasicEngine.h">
      <Filter>Header Files</Filter>
    </ClInclude>
    <ClInclude Include="Utils\CommandLine\CommandLine.h">
      <Filter>Header Files</Filter>
    </ClInclude>
    <ClInclude Include="Utils\CommandLine\CommandLineImplementation.h">
      <Filter>Header Files</Filter>
    </ClInclude>
    <ClInclude Include="Utils\CommandLine\CoutCommandLine.h">
      <Filter>Header Files</Filter>
    </ClInclude>
    <ClInclude Include="Utils\CommandLine\ReplxxCommandLine.h">
      <Filter>Header Files</Filter>
    </ClInclude>
    <ClInclude Include="Utils\FileSystem.h">
      <Filter>Header Files</Filter>
    </ClInclude>
  </ItemGroup>
  <ItemGroup>
    <ResourceCompile Include="NyaaiFortLauncher.rc">
      <Filter>Resource Files</Filter>
    </ResourceCompile>
  </ItemGroup>
  <ItemGroup>
    <Image Include="Resources\NyaaiFortLauncher.ico">
      <Filter>Resource Files</Filter>
    </Image>
  </ItemGroup>
  <ItemGroup>
    <ClCompile Include="Launcher\Actions\Action.cpp">
      <Filter>Source Files</Filter>
    </ClCompile>
    <ClCompile Include="Launcher\Actions\CopyFileAction.cpp">
      <Filter>Source Files</Filter>
    </ClCompile>
    <ClCompile Include="Launcher\Actions\CreateProcessAction.cpp">
      <Filter>Source Files</Filter>
    </ClCompile>
    <ClCompile Include="Launcher\Actions\InjectDllIntoFortniteAction.cpp">
      <Filter>Source Files</Filter>
    </ClCompile>
    <ClCompile Include="Launcher\Actions\PrintLogAction.cpp">
      <Filter>Source Files</Filter>
    </ClCompile>
    <ClCompile Include="Launcher\Actions\RequestRelaunchAction.cpp">
      <Filter>Source Files</Filter>
    </ClCompile>
    <ClCompile Include="Launcher\Actions\RunCommandAction.cpp">
      <Filter>Source Files</Filter>
    </ClCompile>
    <ClCompile Include="Launcher\Activity.cpp">
      <Filter>Source Files</Filter>
    </ClCompile>
    <ClCompile Include="Launcher\CommandManager.cpp">
      <Filter>Source Files</Filter>
    </ClCompile>
    <ClCompile Include="Launcher\DetectFortniteCrashActivity.cpp">
      <Filter>Source Files</Filter>
    </ClCompile>
    <ClCompile Include="Launcher\Engine.cpp">
      <Filter>Source Files</Filter>
    </ClCompile>
    <ClCompile Include="Launcher\EngineObject.cpp">
      <Filter>Source Files</Filter>
    </ClCompile>
    <ClCompile Include="Launcher\FortLauncher.cpp">
      <Filter>Source Files</Filter>
    </ClCompile>
    <ClCompile Include="Launcher\ReadFortniteLogActivity.cpp">
      <Filter>Source Files</Filter>
    </ClCompile>
    <ClCompile Include="Object\Object.cpp">
      <Filter>Source Files</Filter>
    </ClCompile>
    <ClCompile Include="Object\TypeHelpers.cpp">
      <Filter>Source Files</Filter>
    </ClCompile>
    <ClCompile Include="Utils\TextFileLoader.cpp">
      <Filter>Source Files</Filter>
    </ClCompile>
    <ClCompile Include="Utils\Utf8.cpp">
      <Filter>Source Files</Filter>
    </ClCompile>
    <ClCompile Include="Main.cpp">
      <Filter>Source Files</Filter>
    </ClCompile>
    <ClCompile Include="Launcher\Actions\RequestStopAction.cpp">
      <Filter>Source Files</Filter>
    </ClCompile>
    <ClCompile Include="Utils\UniqueHandle.cpp">
      <Filter>Source Files</Filter>
    </ClCompile>
    <ClCompile Include="Launcher\Azu\AzuServerFortLauncher.cpp">
      <Filter>Source Files</Filter>
    </ClCompile>
    <ClCompile Include="Launcher\BuildStoreActivity.cpp">
      <Filter>Source Files</Filter>
    </ClCompile>
    <ClCompile Include="Launcher\BasicEngine.cpp">
      <Filter>Source Files</Filter>
    </ClCompile>
    <ClCompile Include="Utils\CommandLine\CommandLineImplementation.cpp">
      <Filter>Source Files</Filter>
    </ClCompile>
    <ClCompile Include="Utils\CommandLine\CoutCommandLine.cpp">
      <Filter>Source Files</Filter>
    </ClCompile>
    <ClCompile Include="Utils\CommandLine\ReplxxCommandLine.cpp">
      <Filter>Source Files</Filter>
    </ClCompile>
    <ClCompile Include="Utils\FileSystem.cpp">
      <Filter>Source Files</Filter>
    </ClCompile>
  </ItemGroup>
</Project>