<?xml version="1.0" encoding="utf-8"?>
<Project ToolsVersion="4.0" xmlns="http://schemas.microsoft.com/developer/msbuild/2003">
  <ItemGroup>
    <Filter Include="Source Files">
      <UniqueIdentifier>{4FC737F1-C7A5-4376-A066-2A32D752A2FF}</UniqueIdentifier>
      <Extensions>cpp;c;cc;cxx;c++;cppm;ixx;def;odl;idl;hpj;bat;asm;asmx</Extensions>
    </Filter>
    <Filter Include="Header Files">
      <UniqueIdentifier>{93995380-89BD-4b04-88EB-625FBE52EBFB}</UniqueIdentifier>
      <Extensions>h;hh;hpp;hxx;h++;hm;inl;inc;ipp;xsd</Extensions>
    </Filter>
    <Filter Include="Resource Files">
      <UniqueIdentifier>{67DA6AB6-F800-4c08-8B7A-83BB121AAD01}</UniqueIdentifier>
      <Extensions>rc;ico;cur;bmp;dlg;rc2;rct;bin;rgs;gif;jpg;jpeg;jpe;resx;tiff;tif;png;wav;mfcribbon-ms</Extensions>
    </Filter>
  </ItemGroup>
  <ItemGroup>
    <ClCompile Include="Launcher\Action.cpp">
      <Filter>Source Files</Filter>
    </ClCompile>
    <ClCompile Include="Launcher\Activity.cpp">
      <Filter>Source Files</Filter>
    </ClCompile>
    <ClCompile Include="Launcher\CreateProcessAction.cpp">
      <Filter>Source Files</Filter>
    </ClCompile>
    <ClCompile Include="Launcher\FortLauncher.cpp">
      <Filter>Source Files</Filter>
    </ClCompile>
    <ClCompile Include="Launcher\InjectDllIntoFortniteAction.cpp">
      <Filter>Source Files</Filter>
    </ClCompile>
    <ClCompile Include="Launcher\LauncherObject.cpp">
      <Filter>Source Files</Filter>
    </ClCompile>
    <ClCompile Include="Launcher\ReadFortniteLogActivity.cpp">
      <Filter>Source Files</Filter>
    </ClCompile>
    <ClCompile Include="Main.cpp">
      <Filter>Source Files</Filter>
    </ClCompile>
    <ClCompile Include="Object\Object.cpp">
      <Filter>Source Files</Filter>
    </ClCompile>
    <ClCompile Include="Object\PropertySetters.cpp">
      <Filter>Source Files</Filter>
    </ClCompile>
    <ClCompile Include="Utils\Log.cpp">
      <Filter>Source Files</Filter>
    </ClCompile>
    <ClCompile Include="Launcher\RequestExitAction.cpp">
      <Filter>Source Files</Filter>
    </ClCompile>
    <ClCompile Include="Launcher\PrintLogAction.cpp">
      <Filter>Source Files</Filter>
    </ClCompile>
    <ClCompile Include="Launcher\RequestRelaunchAction.cpp">
      <Filter>Source Files</Filter>
    </ClCompile>
    <ClCompile Include="Launcher\DetectFortniteCrashActivity.cpp">
      <Filter>Source Files</Filter>
    </ClCompile>
    <ClCompile Include="Launcher\WaitForBackendToRespondAction.cpp">
      <Filter>Source Files</Filter>
    </ClCompile>
    <ClCompile Include="Utils\TextFileLoader.cpp">
      <Filter>Source Files</Filter>
    </ClCompile>
    <ClCompile Include="Utils\Utf8.cpp">
      <Filter>Source Files</Filter>
    </ClCompile>
  </ItemGroup>
  <ItemGroup>
    <ClInclude Include="Launcher\Action.h">
      <Filter>Header Files</Filter>
    </ClInclude>
    <ClInclude Include="Launcher\Activity.h">
      <Filter>Header Files</Filter>
    </ClInclude>
    <ClInclude Include="Launcher\CreateProcessAction.h">
      <Filter>Header Files</Filter>
    </ClInclude>
    <ClInclude Include="Launcher\FortLauncher.h">
      <Filter>Header Files</Filter>
    </ClInclude>
    <ClInclude Include="Launcher\InjectDllIntoFortniteAction.h">
      <Filter>Header Files</Filter>
    </ClInclude>
    <ClInclude Include="Launcher\LauncherObject.h">
      <Filter>Header Files</Filter>
    </ClInclude>
    <ClInclude Include="Launcher\ReadFortniteLogActivity.h">
      <Filter>Header Files</Filter>
    </ClInclude>
    <ClInclude Include="Object\IntegerTypes.h">
      <Filter>Header Files</Filter>
    </ClInclude>
    <ClInclude Include="Object\Object.h">
      <Filter>Header Files</Filter>
    </ClInclude>
    <ClInclude Include="Object\PropertySetters.h">
      <Filter>Header Files</Filter>
    </ClInclude>
    <ClInclude Include="Utils\Log.h">
      <Filter>Header Files</Filter>
    </ClInclude>
    <ClInclude Include="Launcher\RequestExitAction.h">
      <Filter>Header Files</Filter>
    </ClInclude>
    <ClInclude Include="Launcher\PrintLogAction.h">
      <Filter>Header Files</Filter>
    </ClInclude>
    <ClInclude Include="Launcher\RequestRelaunchAction.h">
      <Filter>Header Files</Filter>
    </ClInclude>
    <ClInclude Include="Launcher\DetectFortniteCrashActivity.h">
      <Filter>Header Files</Filter>
    </ClInclude>
    <ClInclude Include="Launcher\WaitForBackendToRespondAction.h">
      <Filter>Header Files</Filter>
    </ClInclude>
    <ClInclude Include="resource.h">
      <Filter>Header Files</Filter>
    </ClInclude>
    <ClInclude Include="Utils\TextFileLoader.h">
      <Filter>Header Files</Filter>
    </ClInclude>
    <ClInclude Include="Utils\WindowsInclude.h">
      <Filter>Header Files</Filter>
    </ClInclude>
    <ClInclude Include="Utils\Utf8.h">
      <Filter>Header Files</Filter>
    </ClInclude>
  </ItemGroup>
  <ItemGroup>
    <ResourceCompile Include="NyaaiFortLauncher.rc">
      <Filter>Resource Files</Filter>
    </ResourceCompile>
  </ItemGroup>
  <ItemGroup>
    <Image Include="Resources\NyaaiFortLauncher.ico">
      <Filter>Resource Files</Filter>
    </Image>
  </ItemGroup>
</Project>